
Microsoft Visual Studio Solution File, Format Version 12.00
# Visual Studio 2012
Project("{FAE04EC0-301F-11D3-BF4B-00C04F79EFBC}") = "WeatherGadgetSDK", "WeatherGadgetSDK\WeatherGadgetSDK.csproj", "{D5D95F77-CEAB-40B9-AD8D-4D6CB2C946E7}"
EndProject
Project("{FAE04EC0-301F-11D3-BF4B-00C04F79EFBC}") = "WeatherGadgetApp", "WeatherGadgetApp\WeatherGadgetApp.csproj", "{8536C9FF-E1CB-468C-853F-F2C1BAE9D7C1}"
EndProject
Global
	GlobalSection(SolutionConfigurationPlatforms) = preSolution
		Debug|Any CPU = Debug|Any CPU
		Release|Any CPU = Release|Any CPU
		Debug|iPhoneSimulator = Debug|iPhoneSimulator
		Release|iPhone = Release|iPhone
		Release|iPhoneSimulator = Release|iPhoneSimulator
		Debug|iPhone = Debug|iPhone
	EndGlobalSection
	GlobalSection(ProjectConfigurationPlatforms) = postSolution
		{D5D95F77-CEAB-40B9-AD8D-4D6CB2C946E7}.Debug|Any CPU.ActiveCfg = Debug|Any CPU
		{D5D95F77-CEAB-40B9-AD8D-4D6CB2C946E7}.Debug|Any CPU.Build.0 = Debug|Any CPU
		{D5D95F77-CEAB-40B9-AD8D-4D6CB2C946E7}.Release|Any CPU.ActiveCfg = Release|Any CPU
		{D5D95F77-CEAB-40B9-AD8D-4D6CB2C946E7}.Release|Any CPU.Build.0 = Release|Any CPU
		{D5D95F77-CEAB-40B9-AD8D-4D6CB2C946E7}.Debug|iPhoneSimulator.ActiveCfg = Debug|Any CPU
		{D5D95F77-CEAB-40B9-AD8D-4D6CB2C946E7}.Debug|iPhoneSimulator.Build.0 = Debug|Any CPU
		{D5D95F77-CEAB-40B9-AD8D-4D6CB2C946E7}.Release|iPhone.ActiveCfg = Release|Any CPU
		{D5D95F77-CEAB-40B9-AD8D-4D6CB2C946E7}.Release|iPhone.Build.0 = Release|Any CPU
		{D5D95F77-CEAB-40B9-AD8D-4D6CB2C946E7}.Release|iPhoneSimulator.ActiveCfg = Release|Any CPU
		{D5D95F77-CEAB-40B9-AD8D-4D6CB2C946E7}.Release|iPhoneSimulator.Build.0 = Release|Any CPU
		{D5D95F77-CEAB-40B9-AD8D-4D6CB2C946E7}.Debug|iPhone.ActiveCfg = Debug|Any CPU
		{D5D95F77-CEAB-40B9-AD8D-4D6CB2C946E7}.Debug|iPhone.Build.0 = Debug|Any CPU
		{8536C9FF-E1CB-468C-853F-F2C1BAE9D7C1}.Debug|Any CPU.ActiveCfg = Debug|iPhoneSimulator
		{8536C9FF-E1CB-468C-853F-F2C1BAE9D7C1}.Debug|Any CPU.Build.0 = Debug|iPhoneSimulator
		{8536C9FF-E1CB-468C-853F-F2C1BAE9D7C1}.Release|Any CPU.ActiveCfg = Release|iPhone
		{8536C9FF-E1CB-468C-853F-F2C1BAE9D7C1}.Release|Any CPU.Build.0 = Release|iPhone
		{8536C9FF-E1CB-468C-853F-F2C1BAE9D7C1}.Debug|iPhoneSimulator.ActiveCfg = Debug|iPhoneSimulator
		{8536C9FF-E1CB-468C-853F-F2C1BAE9D7C1}.Debug|iPhoneSimulator.Build.0 = Debug|iPhoneSimulator
		{8536C9FF-E1CB-468C-853F-F2C1BAE9D7C1}.Release|iPhone.ActiveCfg = Release|iPhone
		{8536C9FF-E1CB-468C-853F-F2C1BAE9D7C1}.Release|iPhone.Build.0 = Release|iPhone
		{8536C9FF-E1CB-468C-853F-F2C1BAE9D7C1}.Release|iPhoneSimulator.ActiveCfg = Release|iPhoneSimulator
		{8536C9FF-E1CB-468C-853F-F2C1BAE9D7C1}.Release|iPhoneSimulator.Build.0 = Release|iPhoneSimulator
		{8536C9FF-E1CB-468C-853F-F2C1BAE9D7C1}.Debug|iPhone.ActiveCfg = Debug|iPhone
		{8536C9FF-E1CB-468C-853F-F2C1BAE9D7C1}.Debug|iPhone.Build.0 = Debug|iPhone
	EndGlobalSection
EndGlobal
